// !$*UTF8*$!
{
	archiveVersion = 1;
	classes = {
	};
	objectVersion = 46;
	objects = {

/* Begin PBXBuildFile section */
		E30B844D14ACED8B00F0D315 /* UIKit.framework in Frameworks */ = {isa = PBXBuildFile; fileRef = E30B844C14ACED8B00F0D315 /* UIKit.framework */; };
		E30B844F14ACED8B00F0D315 /* Foundation.framework in Frameworks */ = {isa = PBXBuildFile; fileRef = E30B844E14ACED8B00F0D315 /* Foundation.framework */; };
		E30B845114ACED8B00F0D315 /* CoreGraphics.framework in Frameworks */ = {isa = PBXBuildFile; fileRef = E30B845014ACED8B00F0D315 /* CoreGraphics.framework */; };
		E30B845714ACED8B00F0D315 /* InfoPlist.strings in Resources */ = {isa = PBXBuildFile; fileRef = E30B845514ACED8B00F0D315 /* InfoPlist.strings */; };
		E30B845914ACED8B00F0D315 /* main.m in Sources */ = {isa = PBXBuildFile; fileRef = E30B845814ACED8B00F0D315 /* main.m */; };
		E30B845D14ACED8B00F0D315 /* PRAppDelegate.m in Sources */ = {isa = PBXBuildFile; fileRef = E30B845C14ACED8B00F0D315 /* PRAppDelegate.m */; };
		E30B846014ACED8B00F0D315 /* MainStoryboard.storyboard in Resources */ = {isa = PBXBuildFile; fileRef = E30B845E14ACED8B00F0D315 /* MainStoryboard.storyboard */; };
		E30B846314ACED8B00F0D315 /* PRPowerPodController.m in Sources */ = {isa = PBXBuildFile; fileRef = E30B846214ACED8B00F0D315 /* PRPowerPodController.m */; };
		E30B846514ACED8B00F0D315 /* first.png in Resources */ = {isa = PBXBuildFile; fileRef = E30B846414ACED8B00F0D315 /* first.png */; };
		E30B846714ACED8B00F0D315 /* first@2x.png in Resources */ = {isa = PBXBuildFile; fileRef = E30B846614ACED8B00F0D315 /* first@2x.png */; };
		E30B846A14ACED8B00F0D315 /* PRSecondViewController.m in Sources */ = {isa = PBXBuildFile; fileRef = E30B846914ACED8B00F0D315 /* PRSecondViewController.m */; };
		E30B846C14ACED8B00F0D315 /* second.png in Resources */ = {isa = PBXBuildFile; fileRef = E30B846B14ACED8B00F0D315 /* second.png */; };
		E30B846E14ACED8B00F0D315 /* second@2x.png in Resources */ = {isa = PBXBuildFile; fileRef = E30B846D14ACED8B00F0D315 /* second@2x.png */; };
		E30B847614ACED8B00F0D315 /* SenTestingKit.framework in Frameworks */ = {isa = PBXBuildFile; fileRef = E30B847514ACED8B00F0D315 /* SenTestingKit.framework */; };
		E30B847714ACED8B00F0D315 /* UIKit.framework in Frameworks */ = {isa = PBXBuildFile; fileRef = E30B844C14ACED8B00F0D315 /* UIKit.framework */; };
		E30B847814ACED8B00F0D315 /* Foundation.framework in Frameworks */ = {isa = PBXBuildFile; fileRef = E30B844E14ACED8B00F0D315 /* Foundation.framework */; };
		E30B848014ACED8B00F0D315 /* InfoPlist.strings in Resources */ = {isa = PBXBuildFile; fileRef = E30B847E14ACED8B00F0D315 /* InfoPlist.strings */; };
		E30B848314ACED8B00F0D315 /* PRPod1Tests.m in Sources */ = {isa = PBXBuildFile; fileRef = E30B848214ACED8B00F0D315 /* PRPod1Tests.m */; };
		E30B849414ACEDBB00F0D315 /* DS-DIGIB.TTF in Resources */ = {isa = PBXBuildFile; fileRef = E30B848D14ACEDBB00F0D315 /* DS-DIGIB.TTF */; };
		E30B849514ACEDBB00F0D315 /* screen4.png in Resources */ = {isa = PBXBuildFile; fileRef = E30B848E14ACEDBB00F0D315 /* screen4.png */; };
		E30B849614ACEDBB00F0D315 /* arcade_button_large.png in Resources */ = {isa = PBXBuildFile; fileRef = E30B848F14ACEDBB00F0D315 /* arcade_button_large.png */; };
		E30B849714ACEDBB00F0D315 /* diamond_plate.png in Resources */ = {isa = PBXBuildFile; fileRef = E30B849014ACEDBB00F0D315 /* diamond_plate.png */; };
		E30B849814ACEDBB00F0D315 /* led_off_blue.png in Resources */ = {isa = PBXBuildFile; fileRef = E30B849114ACEDBB00F0D315 /* led_off_blue.png */; };
		E30B849914ACEDBB00F0D315 /* led_on_blue.png in Resources */ = {isa = PBXBuildFile; fileRef = E30B849214ACEDBB00F0D315 /* led_on_blue.png */; };
		E30B849A14ACEDBB00F0D315 /* maple.jpeg in Resources */ = {isa = PBXBuildFile; fileRef = E30B849314ACEDBB00F0D315 /* maple.jpeg */; };
		E30B849C14ACF18E00F0D315 /* btn_60_x60.png in Resources */ = {isa = PBXBuildFile; fileRef = E30B849B14ACF18E00F0D315 /* btn_60_x60.png */; };
		E30B849E14ACF1AE00F0D315 /* btn_30x30.png in Resources */ = {isa = PBXBuildFile; fileRef = E30B849D14ACF1AE00F0D315 /* btn_30x30.png */; };
		E30B84AA14AD30B900F0D315 /* PRPowerSongsController.m in Sources */ = {isa = PBXBuildFile; fileRef = E30B84A914AD30B900F0D315 /* PRPowerSongsController.m */; };
		E30B84AC14AD314E00F0D315 /* AVFoundation.framework in Frameworks */ = {isa = PBXBuildFile; fileRef = E30B84AB14AD314E00F0D315 /* AVFoundation.framework */; };
		E30B84AE14AD315700F0D315 /* MediaPlayer.framework in Frameworks */ = {isa = PBXBuildFile; fileRef = E30B84AD14AD315700F0D315 /* MediaPlayer.framework */; };
		E30B84B114AD321E00F0D315 /* PRSongSearchController.m in Sources */ = {isa = PBXBuildFile; fileRef = E30B84B014AD321E00F0D315 /* PRSongSearchController.m */; };
		E30B84B514AD37E000F0D315 /* SongCell.m in Sources */ = {isa = PBXBuildFile; fileRef = E30B84B414AD37E000F0D315 /* SongCell.m */; };
		E30B84B714AD59D900F0D315 /* QuartzCore.framework in Frameworks */ = {isa = PBXBuildFile; fileRef = E30B84B614AD59D800F0D315 /* QuartzCore.framework */; };
		E30B84BE14AD5D6F00F0D315 /* s_left.png in Resources */ = {isa = PBXBuildFile; fileRef = E30B84BC14AD5D6F00F0D315 /* s_left.png */; };
		E30B84BF14AD5D6F00F0D315 /* s_right.png in Resources */ = {isa = PBXBuildFile; fileRef = E30B84BD14AD5D6F00F0D315 /* s_right.png */; };
		E30B84C214AD63AD00F0D315 /* app_icon_57x57.png in Resources */ = {isa = PBXBuildFile; fileRef = E30B84C014AD63AD00F0D315 /* app_icon_57x57.png */; };
		E30B84C314AD63AD00F0D315 /* app_icon_114x114.png in Resources */ = {isa = PBXBuildFile; fileRef = E30B84C114AD63AD00F0D315 /* app_icon_114x114.png */; };
		E30B84C514AD640D00F0D315 /* app_icon_57x57.png in Resources */ = {isa = PBXBuildFile; fileRef = E30B84C414AD640D00F0D315 /* app_icon_57x57.png */; };
		E30B84C714AD641400F0D315 /* app_icon_114x114.png in Resources */ = {isa = PBXBuildFile; fileRef = E30B84C614AD641400F0D315 /* app_icon_114x114.png */; };
		E30B84C914AD646000F0D315 /* pr_button.png in Resources */ = {isa = PBXBuildFile; fileRef = E30B84C814AD646000F0D315 /* pr_button.png */; };
		E313E32D14B3644B008032DD /* hook_off.png in Resources */ = {isa = PBXBuildFile; fileRef = E313E32914B3644B008032DD /* hook_off.png */; };
		E313E32F14B3644B008032DD /* song_off.png in Resources */ = {isa = PBXBuildFile; fileRef = E313E32B14B3644B008032DD /* song_off.png */; };
		E313E33714B365D8008032DD /* hook_on.png in Resources */ = {isa = PBXBuildFile; fileRef = E313E33514B365D8008032DD /* hook_on.png */; };
		E313E33814B365D8008032DD /* song_on.png in Resources */ = {isa = PBXBuildFile; fileRef = E313E33614B365D8008032DD /* song_on.png */; };
		E34F258514AD6D1500024E07 /* red_btn_elec.png in Resources */ = {isa = PBXBuildFile; fileRef = E34F258414AD6D1500024E07 /* red_btn_elec.png */; };
		E34F258814AD6D8A00024E07 /* Vector-Speaker-psd15015.png in Resources */ = {isa = PBXBuildFile; fileRef = E34F258714AD6D8A00024E07 /* Vector-Speaker-psd15015.png */; };
		E34F258A14AD6DDB00024E07 /* 1211544680.jpeg in Resources */ = {isa = PBXBuildFile; fileRef = E34F258914AD6DDB00024E07 /* 1211544680.jpeg */; };
		E34F258C14AD6EB700024E07 /* speaker2.png in Resources */ = {isa = PBXBuildFile; fileRef = E34F258B14AD6EB700024E07 /* speaker2.png */; };
		E34F258E14AD6F2100024E07 /* pr_btn_elec_black.png in Resources */ = {isa = PBXBuildFile; fileRef = E34F258D14AD6F2100024E07 /* pr_btn_elec_black.png */; };
		E34F259014AD715B00024E07 /* prbox.png in Resources */ = {isa = PBXBuildFile; fileRef = E34F258F14AD715B00024E07 /* prbox.png */; };
		E34F259314AD720D00024E07 /* PRClassicBoxController.m in Sources */ = {isa = PBXBuildFile; fileRef = E34F259214AD720D00024E07 /* PRClassicBoxController.m */; };
		E34F259614AD76F000024E07 /* blk_left.png in Resources */ = {isa = PBXBuildFile; fileRef = E34F259414AD76F000024E07 /* blk_left.png */; };
		E34F259714AD76F000024E07 /* blk_right.png in Resources */ = {isa = PBXBuildFile; fileRef = E34F259514AD76F000024E07 /* blk_right.png */; };
		E37E380514B54C50008C7BC9 /* GCDAsyncSocket.m in Sources */ = {isa = PBXBuildFile; fileRef = E37E380414B54C50008C7BC9 /* GCDAsyncSocket.m */; settings = {COMPILER_FLAGS = "-fno-objc-arc"; }; };
		E37E380714B54C9F008C7BC9 /* CFNetwork.framework in Frameworks */ = {isa = PBXBuildFile; fileRef = E37E380614B54C9F008C7BC9 /* CFNetwork.framework */; };
		E37E380D14BA8AF4008C7BC9 /* cutler_champions.wav in Resources */ = {isa = PBXBuildFile; fileRef = E37E380C14BA8AF4008C7BC9 /* cutler_champions.wav */; };
		E37E380F14BA930F008C7BC9 /* boxing.wav in Resources */ = {isa = PBXBuildFile; fileRef = E37E380E14BA930F008C7BC9 /* boxing.wav */; };
		E3BB59C414AE49DF003F8107 /* t_btn.png in Resources */ = {isa = PBXBuildFile; fileRef = E3BB59C314AE49DF003F8107 /* t_btn.png */; };
		E3BB59C714AE4BCA003F8107 /* obtn.png in Resources */ = {isa = PBXBuildFile; fileRef = E3BB59C614AE4BCA003F8107 /* obtn.png */; };
		E3BB59CB14AE4F0F003F8107 /* 1_led_green.png in Resources */ = {isa = PBXBuildFile; fileRef = E3BB59C814AE4F0F003F8107 /* 1_led_green.png */; };
		E3BB59CC14AE4F0F003F8107 /* 1_led_off.png in Resources */ = {isa = PBXBuildFile; fileRef = E3BB59C914AE4F0F003F8107 /* 1_led_off.png */; };
		E3BB59CD14AE4F0F003F8107 /* 1_led_red.png in Resources */ = {isa = PBXBuildFile; fileRef = E3BB59CA14AE4F0F003F8107 /* 1_led_red.png */; };
		E3BB59CF14AE4F81003F8107 /* t_btn_red.png in Resources */ = {isa = PBXBuildFile; fileRef = E3BB59CE14AE4F81003F8107 /* t_btn_red.png */; };
		E3BB59D114AE5A29003F8107 /* 65-note.png in Resources */ = {isa = PBXBuildFile; fileRef = E3BB59D014AE5A29003F8107 /* 65-note.png */; };
		E3BB59D314AE5A51003F8107 /* 89-dumbell.png in Resources */ = {isa = PBXBuildFile; fileRef = E3BB59D214AE5A51003F8107 /* 89-dumbell.png */; };
		E3BB59D514AE5AA2003F8107 /* 194-note-2.png in Resources */ = {isa = PBXBuildFile; fileRef = E3BB59D414AE5AA2003F8107 /* 194-note-2.png */; };
		E3BB59D714AE5AB6003F8107 /* 13-target.png in Resources */ = {isa = PBXBuildFile; fileRef = E3BB59D614AE5AB6003F8107 /* 13-target.png */; };
		E3BB59D914AE5AE9003F8107 /* 158-wrench-2.png in Resources */ = {isa = PBXBuildFile; fileRef = E3BB59D814AE5AE9003F8107 /* 158-wrench-2.png */; };
		E3BB59DB14AE5BE3003F8107 /* 61-brightness.png in Resources */ = {isa = PBXBuildFile; fileRef = E3BB59DA14AE5BE3003F8107 /* 61-brightness.png */; };
		E3BB59E214AF9408003F8107 /* PRHookEditorController.m in Sources */ = {isa = PBXBuildFile; fileRef = E3BB59E114AF9408003F8107 /* PRHookEditorController.m */; };
		E3BB59E514AFA9CE003F8107 /* PRPowerHooksController.m in Sources */ = {isa = PBXBuildFile; fileRef = E3BB59E414AFA9CE003F8107 /* PRPowerHooksController.m */; };
		E3BF4C8F14C6104600733D3A /* oldspice.mp3 in Resources */ = {isa = PBXBuildFile; fileRef = E3BF4C8E14C6104600733D3A /* oldspice.mp3 */; };
		E3BF4C9214C6104600733D3A /* old_spice.wav in Resources */ = {isa = PBXBuildFile; fileRef = E3BF4C9114C6104600733D3A /* old_spice.wav */; };
		E3BF4C9414C6104600733D3A /* sun_power.wav in Resources */ = {isa = PBXBuildFile; fileRef = E3BF4C9314C6104600733D3A /* sun_power.wav */; };
		E3CF985E14B1373C009D77C4 /* PowersongCell.m in Sources */ = {isa = PBXBuildFile; fileRef = E3CF985D14B1373C009D77C4 /* PowersongCell.m */; };
		E3CF986214B1427B009D77C4 /* HookCell.m in Sources */ = {isa = PBXBuildFile; fileRef = E3CF986114B1427B009D77C4 /* HookCell.m */; };
		E3CF987214B146F3009D77C4 /* NSDictionary+Song.m in Sources */ = {isa = PBXBuildFile; fileRef = E3CF987114B146F3009D77C4 /* NSDictionary+Song.m */; };
		E3CF987414B29AEB009D77C4 /* btn_red.png in Resources */ = {isa = PBXBuildFile; fileRef = E3CF987314B29AEB009D77C4 /* btn_red.png */; };
		E3CF987614B29C54009D77C4 /* red_btn_2.png in Resources */ = {isa = PBXBuildFile; fileRef = E3CF987514B29C54009D77C4 /* red_btn_2.png */; };
		E3CF987814B29D1C009D77C4 /* T_RED_3.png in Resources */ = {isa = PBXBuildFile; fileRef = E3CF987714B29D1C009D77C4 /* T_RED_3.png */; };
		E3CF987A14B29D42009D77C4 /* t_red_4.png in Resources */ = {isa = PBXBuildFile; fileRef = E3CF987914B29D41009D77C4 /* t_red_4.png */; };
		E3CF987D14B3314D009D77C4 /* PRSettingsController.m in Sources */ = {isa = PBXBuildFile; fileRef = E3CF987C14B3314C009D77C4 /* PRSettingsController.m */; };
/* End PBXBuildFile section */

/* Begin PBXContainerItemProxy section */
		E30B847914ACED8B00F0D315 /* PBXContainerItemProxy */ = {
			isa = PBXContainerItemProxy;
			containerPortal = E30B843F14ACED8B00F0D315 /* Project object */;
			proxyType = 1;
			remoteGlobalIDString = E30B844714ACED8B00F0D315;
			remoteInfo = PRPod1;
		};
/* End PBXContainerItemProxy section */

/* Begin PBXFileReference section */
		E30B844814ACED8B00F0D315 /* PRPod1.app */ = {isa = PBXFileReference; explicitFileType = wrapper.application; includeInIndex = 0; path = PRPod1.app; sourceTree = BUILT_PRODUCTS_DIR; };
		E30B844C14ACED8B00F0D315 /* UIKit.framework */ = {isa = PBXFileReference; lastKnownFileType = wrapper.framework; name = UIKit.framework; path = System/Library/Frameworks/UIKit.framework; sourceTree = SDKROOT; };
		E30B844E14ACED8B00F0D315 /* Foundation.framework */ = {isa = PBXFileReference; lastKnownFileType = wrapper.framework; name = Foundation.framework; path = System/Library/Frameworks/Foundation.framework; sourceTree = SDKROOT; };
		E30B845014ACED8B00F0D315 /* CoreGraphics.framework */ = {isa = PBXFileReference; lastKnownFileType = wrapper.framework; name = CoreGraphics.framework; path = System/Library/Frameworks/CoreGraphics.framework; sourceTree = SDKROOT; };
		E30B845414ACED8B00F0D315 /* PRPod1-Info.plist */ = {isa = PBXFileReference; lastKnownFileType = text.plist.xml; path = "PRPod1-Info.plist"; sourceTree = "<group>"; };
		E30B845614ACED8B00F0D315 /* en */ = {isa = PBXFileReference; lastKnownFileType = text.plist.strings; name = en; path = en.lproj/InfoPlist.strings; sourceTree = "<group>"; };
		E30B845814ACED8B00F0D315 /* main.m */ = {isa = PBXFileReference; lastKnownFileType = sourcecode.c.objc; path = main.m; sourceTree = "<group>"; };
		E30B845A14ACED8B00F0D315 /* PRPod1-Prefix.pch */ = {isa = PBXFileReference; lastKnownFileType = sourcecode.c.h; path = "PRPod1-Prefix.pch"; sourceTree = "<group>"; };
		E30B845B14ACED8B00F0D315 /* PRAppDelegate.h */ = {isa = PBXFileReference; lastKnownFileType = sourcecode.c.h; path = PRAppDelegate.h; sourceTree = "<group>"; };
		E30B845C14ACED8B00F0D315 /* PRAppDelegate.m */ = {isa = PBXFileReference; lastKnownFileType = sourcecode.c.objc; path = PRAppDelegate.m; sourceTree = "<group>"; };
		E30B845F14ACED8B00F0D315 /* en */ = {isa = PBXFileReference; lastKnownFileType = file.storyboard; name = en; path = en.lproj/MainStoryboard.storyboard; sourceTree = "<group>"; };
		E30B846114ACED8B00F0D315 /* PRPowerPodController.h */ = {isa = PBXFileReference; lastKnownFileType = sourcecode.c.h; path = PRPowerPodController.h; sourceTree = "<group>"; };
		E30B846214ACED8B00F0D315 /* PRPowerPodController.m */ = {isa = PBXFileReference; lastKnownFileType = sourcecode.c.objc; path = PRPowerPodController.m; sourceTree = "<group>"; };
		E30B846414ACED8B00F0D315 /* first.png */ = {isa = PBXFileReference; lastKnownFileType = image.png; path = first.png; sourceTree = "<group>"; };
		E30B846614ACED8B00F0D315 /* first@2x.png */ = {isa = PBXFileReference; lastKnownFileType = image.png; path = "first@2x.png"; sourceTree = "<group>"; };
		E30B846814ACED8B00F0D315 /* PRSecondViewController.h */ = {isa = PBXFileReference; lastKnownFileType = sourcecode.c.h; path = PRSecondViewController.h; sourceTree = "<group>"; };
		E30B846914ACED8B00F0D315 /* PRSecondViewController.m */ = {isa = PBXFileReference; lastKnownFileType = sourcecode.c.objc; path = PRSecondViewController.m; sourceTree = "<group>"; };
		E30B846B14ACED8B00F0D315 /* second.png */ = {isa = PBXFileReference; lastKnownFileType = image.png; path = second.png; sourceTree = "<group>"; };
		E30B846D14ACED8B00F0D315 /* second@2x.png */ = {isa = PBXFileReference; lastKnownFileType = image.png; path = "second@2x.png"; sourceTree = "<group>"; };
		E30B847414ACED8B00F0D315 /* PRPod1Tests.octest */ = {isa = PBXFileReference; explicitFileType = wrapper.cfbundle; includeInIndex = 0; path = PRPod1Tests.octest; sourceTree = BUILT_PRODUCTS_DIR; };
		E30B847514ACED8B00F0D315 /* SenTestingKit.framework */ = {isa = PBXFileReference; lastKnownFileType = wrapper.framework; name = SenTestingKit.framework; path = Library/Frameworks/SenTestingKit.framework; sourceTree = DEVELOPER_DIR; };
		E30B847D14ACED8B00F0D315 /* PRPod1Tests-Info.plist */ = {isa = PBXFileReference; lastKnownFileType = text.plist.xml; path = "PRPod1Tests-Info.plist"; sourceTree = "<group>"; };
		E30B847F14ACED8B00F0D315 /* en */ = {isa = PBXFileReference; lastKnownFileType = text.plist.strings; name = en; path = en.lproj/InfoPlist.strings; sourceTree = "<group>"; };
		E30B848114ACED8B00F0D315 /* PRPod1Tests.h */ = {isa = PBXFileReference; lastKnownFileType = sourcecode.c.h; path = PRPod1Tests.h; sourceTree = "<group>"; };
		E30B848214ACED8B00F0D315 /* PRPod1Tests.m */ = {isa = PBXFileReference; lastKnownFileType = sourcecode.c.objc; path = PRPod1Tests.m; sourceTree = "<group>"; };
		E30B848D14ACEDBB00F0D315 /* DS-DIGIB.TTF */ = {isa = PBXFileReference; lastKnownFileType = file; path = "DS-DIGIB.TTF"; sourceTree = "<group>"; };
		E30B848E14ACEDBB00F0D315 /* screen4.png */ = {isa = PBXFileReference; lastKnownFileType = image.png; path = screen4.png; sourceTree = "<group>"; };
		E30B848F14ACEDBB00F0D315 /* arcade_button_large.png */ = {isa = PBXFileReference; lastKnownFileType = image.png; path = arcade_button_large.png; sourceTree = "<group>"; };
		E30B849014ACEDBB00F0D315 /* diamond_plate.png */ = {isa = PBXFileReference; lastKnownFileType = image.png; path = diamond_plate.png; sourceTree = "<group>"; };
		E30B849114ACEDBB00F0D315 /* led_off_blue.png */ = {isa = PBXFileReference; lastKnownFileType = image.png; path = led_off_blue.png; sourceTree = "<group>"; };
		E30B849214ACEDBB00F0D315 /* led_on_blue.png */ = {isa = PBXFileReference; lastKnownFileType = image.png; path = led_on_blue.png; sourceTree = "<group>"; };
		E30B849314ACEDBB00F0D315 /* maple.jpeg */ = {isa = PBXFileReference; lastKnownFileType = image.jpeg; path = maple.jpeg; sourceTree = "<group>"; };
		E30B849B14ACF18E00F0D315 /* btn_60_x60.png */ = {isa = PBXFileReference; lastKnownFileType = image.png; path = btn_60_x60.png; sourceTree = "<group>"; };
		E30B849D14ACF1AE00F0D315 /* btn_30x30.png */ = {isa = PBXFileReference; lastKnownFileType = image.png; path = btn_30x30.png; sourceTree = "<group>"; };
		E30B84A814AD30B900F0D315 /* PRPowerSongsController.h */ = {isa = PBXFileReference; fileEncoding = 4; lastKnownFileType = sourcecode.c.h; path = PRPowerSongsController.h; sourceTree = "<group>"; };
		E30B84A914AD30B900F0D315 /* PRPowerSongsController.m */ = {isa = PBXFileReference; fileEncoding = 4; lastKnownFileType = sourcecode.c.objc; path = PRPowerSongsController.m; sourceTree = "<group>"; };
		E30B84AB14AD314E00F0D315 /* AVFoundation.framework */ = {isa = PBXFileReference; lastKnownFileType = wrapper.framework; name = AVFoundation.framework; path = System/Library/Frameworks/AVFoundation.framework; sourceTree = SDKROOT; };
		E30B84AD14AD315700F0D315 /* MediaPlayer.framework */ = {isa = PBXFileReference; lastKnownFileType = wrapper.framework; name = MediaPlayer.framework; path = System/Library/Frameworks/MediaPlayer.framework; sourceTree = SDKROOT; };
		E30B84AF14AD321E00F0D315 /* PRSongSearchController.h */ = {isa = PBXFileReference; fileEncoding = 4; lastKnownFileType = sourcecode.c.h; path = PRSongSearchController.h; sourceTree = "<group>"; };
		E30B84B014AD321E00F0D315 /* PRSongSearchController.m */ = {isa = PBXFileReference; fileEncoding = 4; lastKnownFileType = sourcecode.c.objc; path = PRSongSearchController.m; sourceTree = "<group>"; };
		E30B84B314AD37E000F0D315 /* SongCell.h */ = {isa = PBXFileReference; fileEncoding = 4; lastKnownFileType = sourcecode.c.h; path = SongCell.h; sourceTree = "<group>"; };
		E30B84B414AD37E000F0D315 /* SongCell.m */ = {isa = PBXFileReference; fileEncoding = 4; lastKnownFileType = sourcecode.c.objc; path = SongCell.m; sourceTree = "<group>"; };
		E30B84B614AD59D800F0D315 /* QuartzCore.framework */ = {isa = PBXFileReference; lastKnownFileType = wrapper.framework; name = QuartzCore.framework; path = System/Library/Frameworks/QuartzCore.framework; sourceTree = SDKROOT; };
		E30B84BC14AD5D6F00F0D315 /* s_left.png */ = {isa = PBXFileReference; lastKnownFileType = image.png; path = s_left.png; sourceTree = "<group>"; };
		E30B84BD14AD5D6F00F0D315 /* s_right.png */ = {isa = PBXFileReference; lastKnownFileType = image.png; path = s_right.png; sourceTree = "<group>"; };
		E30B84C014AD63AD00F0D315 /* app_icon_57x57.png */ = {isa = PBXFileReference; lastKnownFileType = image.png; path = app_icon_57x57.png; sourceTree = "<group>"; };
		E30B84C114AD63AD00F0D315 /* app_icon_114x114.png */ = {isa = PBXFileReference; lastKnownFileType = image.png; path = app_icon_114x114.png; sourceTree = "<group>"; };
		E30B84C414AD640D00F0D315 /* app_icon_57x57.png */ = {isa = PBXFileReference; lastKnownFileType = image.png; name = app_icon_57x57.png; path = ../app_icon_57x57.png; sourceTree = "<group>"; };
		E30B84C614AD641400F0D315 /* app_icon_114x114.png */ = {isa = PBXFileReference; lastKnownFileType = image.png; name = app_icon_114x114.png; path = ../app_icon_114x114.png; sourceTree = "<group>"; };
		E30B84C814AD646000F0D315 /* pr_button.png */ = {isa = PBXFileReference; lastKnownFileType = image.png; name = pr_button.png; path = ../../../Desktop/pr_button.png; sourceTree = "<group>"; };
		E313E32914B3644B008032DD /* hook_off.png */ = {isa = PBXFileReference; lastKnownFileType = image.png; path = hook_off.png; sourceTree = "<group>"; };
		E313E32B14B3644B008032DD /* song_off.png */ = {isa = PBXFileReference; lastKnownFileType = image.png; path = song_off.png; sourceTree = "<group>"; };
		E313E33514B365D8008032DD /* hook_on.png */ = {isa = PBXFileReference; lastKnownFileType = image.png; path = hook_on.png; sourceTree = "<group>"; };
		E313E33614B365D8008032DD /* song_on.png */ = {isa = PBXFileReference; lastKnownFileType = image.png; path = song_on.png; sourceTree = "<group>"; };
		E34F258414AD6D1500024E07 /* red_btn_elec.png */ = {isa = PBXFileReference; lastKnownFileType = image.png; path = red_btn_elec.png; sourceTree = "<group>"; };
		E34F258714AD6D8A00024E07 /* Vector-Speaker-psd15015.png */ = {isa = PBXFileReference; lastKnownFileType = image.png; path = "Vector-Speaker-psd15015.png"; sourceTree = "<group>"; };
		E34F258914AD6DDB00024E07 /* 1211544680.jpeg */ = {isa = PBXFileReference; lastKnownFileType = image.jpeg; path = 1211544680.jpeg; sourceTree = "<group>"; };
		E34F258B14AD6EB700024E07 /* speaker2.png */ = {isa = PBXFileReference; lastKnownFileType = image.png; path = speaker2.png; sourceTree = "<group>"; };
		E34F258D14AD6F2100024E07 /* pr_btn_elec_black.png */ = {isa = PBXFileReference; lastKnownFileType = image.png; path = pr_btn_elec_black.png; sourceTree = "<group>"; };
		E34F258F14AD715B00024E07 /* prbox.png */ = {isa = PBXFileReference; lastKnownFileType = image.png; path = prbox.png; sourceTree = "<group>"; };
		E34F259114AD720D00024E07 /* PRClassicBoxController.h */ = {isa = PBXFileReference; fileEncoding = 4; lastKnownFileType = sourcecode.c.h; path = PRClassicBoxController.h; sourceTree = "<group>"; };
		E34F259214AD720D00024E07 /* PRClassicBoxController.m */ = {isa = PBXFileReference; fileEncoding = 4; lastKnownFileType = sourcecode.c.objc; path = PRClassicBoxController.m; sourceTree = "<group>"; };
		E34F259414AD76F000024E07 /* blk_left.png */ = {isa = PBXFileReference; lastKnownFileType = image.png; path = blk_left.png; sourceTree = "<group>"; };
		E34F259514AD76F000024E07 /* blk_right.png */ = {isa = PBXFileReference; lastKnownFileType = image.png; path = blk_right.png; sourceTree = "<group>"; };
		E37E380314B54C50008C7BC9 /* GCDAsyncSocket.h */ = {isa = PBXFileReference; fileEncoding = 4; lastKnownFileType = sourcecode.c.h; path = GCDAsyncSocket.h; sourceTree = "<group>"; };
		E37E380414B54C50008C7BC9 /* GCDAsyncSocket.m */ = {isa = PBXFileReference; fileEncoding = 4; lastKnownFileType = sourcecode.c.objc; path = GCDAsyncSocket.m; sourceTree = "<group>"; };
		E37E380614B54C9F008C7BC9 /* CFNetwork.framework */ = {isa = PBXFileReference; lastKnownFileType = wrapper.framework; name = CFNetwork.framework; path = System/Library/Frameworks/CFNetwork.framework; sourceTree = SDKROOT; };
		E37E380C14BA8AF4008C7BC9 /* cutler_champions.wav */ = {isa = PBXFileReference; lastKnownFileType = audio.wav; name = cutler_champions.wav; path = "../../../Adam/2011/PR Power Box WAVs/quotes/cutler_champions.wav"; sourceTree = "<group>"; };
		E37E380E14BA930F008C7BC9 /* boxing.wav */ = {isa = PBXFileReference; lastKnownFileType = audio.wav; name = boxing.wav; path = ../../../Downloads/boxing.wav; sourceTree = "<group>"; };
		E3BB59C314AE49DF003F8107 /* t_btn.png */ = {isa = PBXFileReference; lastKnownFileType = image.png; path = t_btn.png; sourceTree = "<group>"; };
		E3BB59C614AE4BCA003F8107 /* obtn.png */ = {isa = PBXFileReference; lastKnownFileType = image.png; path = obtn.png; sourceTree = "<group>"; };
		E3BB59C814AE4F0F003F8107 /* 1_led_green.png */ = {isa = PBXFileReference; lastKnownFileType = image.png; path = 1_led_green.png; sourceTree = "<group>"; };
		E3BB59C914AE4F0F003F8107 /* 1_led_off.png */ = {isa = PBXFileReference; lastKnownFileType = image.png; path = 1_led_off.png; sourceTree = "<group>"; };
		E3BB59CA14AE4F0F003F8107 /* 1_led_red.png */ = {isa = PBXFileReference; lastKnownFileType = image.png; path = 1_led_red.png; sourceTree = "<group>"; };
		E3BB59CE14AE4F81003F8107 /* t_btn_red.png */ = {isa = PBXFileReference; lastKnownFileType = image.png; path = t_btn_red.png; sourceTree = "<group>"; };
		E3BB59D014AE5A29003F8107 /* 65-note.png */ = {isa = PBXFileReference; lastKnownFileType = image.png; path = "65-note.png"; sourceTree = "<group>"; };
		E3BB59D214AE5A51003F8107 /* 89-dumbell.png */ = {isa = PBXFileReference; lastKnownFileType = image.png; path = "89-dumbell.png"; sourceTree = "<group>"; };
		E3BB59D414AE5AA2003F8107 /* 194-note-2.png */ = {isa = PBXFileReference; lastKnownFileType = image.png; path = "194-note-2.png"; sourceTree = "<group>"; };
		E3BB59D614AE5AB6003F8107 /* 13-target.png */ = {isa = PBXFileReference; lastKnownFileType = image.png; path = "13-target.png"; sourceTree = "<group>"; };
		E3BB59D814AE5AE9003F8107 /* 158-wrench-2.png */ = {isa = PBXFileReference; lastKnownFileType = image.png; path = "158-wrench-2.png"; sourceTree = "<group>"; };
		E3BB59DA14AE5BE3003F8107 /* 61-brightness.png */ = {isa = PBXFileReference; lastKnownFileType = image.png; path = "61-brightness.png"; sourceTree = "<group>"; };
		E3BB59E014AF9408003F8107 /* PRHookEditorController.h */ = {isa = PBXFileReference; fileEncoding = 4; lastKnownFileType = sourcecode.c.h; path = PRHookEditorController.h; sourceTree = "<group>"; };
		E3BB59E114AF9408003F8107 /* PRHookEditorController.m */ = {isa = PBXFileReference; fileEncoding = 4; lastKnownFileType = sourcecode.c.objc; path = PRHookEditorController.m; sourceTree = "<group>"; };
		E3BB59E314AFA9CD003F8107 /* PRPowerHooksController.h */ = {isa = PBXFileReference; fileEncoding = 4; lastKnownFileType = sourcecode.c.h; path = PRPowerHooksController.h; sourceTree = "<group>"; };
		E3BB59E414AFA9CE003F8107 /* PRPowerHooksController.m */ = {isa = PBXFileReference; fileEncoding = 4; lastKnownFileType = sourcecode.c.objc; path = PRPowerHooksController.m; sourceTree = "<group>"; };
		E3BF4C8E14C6104600733D3A /* oldspice.mp3 */ = {isa = PBXFileReference; lastKnownFileType = audio.mp3; path = oldspice.mp3; sourceTree = "<group>"; };
		E3BF4C9114C6104600733D3A /* old_spice.wav */ = {isa = PBXFileReference; lastKnownFileType = audio.wav; path = old_spice.wav; sourceTree = "<group>"; };
		E3BF4C9314C6104600733D3A /* sun_power.wav */ = {isa = PBXFileReference; lastKnownFileType = audio.wav; path = sun_power.wav; sourceTree = "<group>"; };
		E3CF985C14B1373C009D77C4 /* PowersongCell.h */ = {isa = PBXFileReference; fileEncoding = 4; lastKnownFileType = sourcecode.c.h; path = PowersongCell.h; sourceTree = "<group>"; };
		E3CF985D14B1373C009D77C4 /* PowersongCell.m */ = {isa = PBXFileReference; fileEncoding = 4; lastKnownFileType = sourcecode.c.objc; path = PowersongCell.m; sourceTree = "<group>"; };
		E3CF986014B1427A009D77C4 /* HookCell.h */ = {isa = PBXFileReference; fileEncoding = 4; lastKnownFileType = sourcecode.c.h; path = HookCell.h; sourceTree = "<group>"; };
		E3CF986114B1427B009D77C4 /* HookCell.m */ = {isa = PBXFileReference; fileEncoding = 4; lastKnownFileType = sourcecode.c.objc; path = HookCell.m; sourceTree = "<group>"; };
		E3CF987014B146F3009D77C4 /* NSDictionary+Song.h */ = {isa = PBXFileReference; fileEncoding = 4; lastKnownFileType = sourcecode.c.h; path = "NSDictionary+Song.h"; sourceTree = "<group>"; };
		E3CF987114B146F3009D77C4 /* NSDictionary+Song.m */ = {isa = PBXFileReference; fileEncoding = 4; lastKnownFileType = sourcecode.c.objc; path = "NSDictionary+Song.m"; sourceTree = "<group>"; };
		E3CF987314B29AEB009D77C4 /* btn_red.png */ = {isa = PBXFileReference; lastKnownFileType = image.png; path = btn_red.png; sourceTree = "<group>"; };
		E3CF987514B29C54009D77C4 /* red_btn_2.png */ = {isa = PBXFileReference; lastKnownFileType = image.png; path = red_btn_2.png; sourceTree = "<group>"; };
		E3CF987714B29D1C009D77C4 /* T_RED_3.png */ = {isa = PBXFileReference; lastKnownFileType = image.png; path = T_RED_3.png; sourceTree = "<group>"; };
		E3CF987914B29D41009D77C4 /* t_red_4.png */ = {isa = PBXFileReference; lastKnownFileType = image.png; path = t_red_4.png; sourceTree = "<group>"; };
		E3CF987B14B3314B009D77C4 /* PRSettingsController.h */ = {isa = PBXFileReference; fileEncoding = 4; lastKnownFileType = sourcecode.c.h; path = PRSettingsController.h; sourceTree = "<group>"; };
		E3CF987C14B3314C009D77C4 /* PRSettingsController.m */ = {isa = PBXFileReference; fileEncoding = 4; lastKnownFileType = sourcecode.c.objc; path = PRSettingsController.m; sourceTree = "<group>"; };
/* End PBXFileReference section */

/* Begin PBXFrameworksBuildPhase section */
		E30B844514ACED8B00F0D315 /* Frameworks */ = {
			isa = PBXFrameworksBuildPhase;
			buildActionMask = 2147483647;
			files = (
				E37E380714B54C9F008C7BC9 /* CFNetwork.framework in Frameworks */,
				E30B84B714AD59D900F0D315 /* QuartzCore.framework in Frameworks */,
				E30B84AE14AD315700F0D315 /* MediaPlayer.framework in Frameworks */,
				E30B84AC14AD314E00F0D315 /* AVFoundation.framework in Frameworks */,
				E30B844D14ACED8B00F0D315 /* UIKit.framework in Frameworks */,
				E30B844F14ACED8B00F0D315 /* Foundation.framework in Frameworks */,
				E30B845114ACED8B00F0D315 /* CoreGraphics.framework in Frameworks */,
			);
			runOnlyForDeploymentPostprocessing = 0;
		};
		E30B847014ACED8B00F0D315 /* Frameworks */ = {
			isa = PBXFrameworksBuildPhase;
			buildActionMask = 2147483647;
			files = (
				E30B847614ACED8B00F0D315 /* SenTestingKit.framework in Frameworks */,
				E30B847714ACED8B00F0D315 /* UIKit.framework in Frameworks */,
				E30B847814ACED8B00F0D315 /* Foundation.framework in Frameworks */,
			);
			runOnlyForDeploymentPostprocessing = 0;
		};
/* End PBXFrameworksBuildPhase section */

/* Begin PBXGroup section */
		E30B843D14ACED8B00F0D315 = {
			isa = PBXGroup;
			children = (
				E37E380614B54C9F008C7BC9 /* CFNetwork.framework */,
				E30B845214ACED8B00F0D315 /* PRPod1 */,
				E30B847B14ACED8B00F0D315 /* PRPod1Tests */,
				E30B844B14ACED8B00F0D315 /* Frameworks */,
				E30B844914ACED8B00F0D315 /* Products */,
			);
			sourceTree = "<group>";
		};
		E30B844914ACED8B00F0D315 /* Products */ = {
			isa = PBXGroup;
			children = (
				E30B844814ACED8B00F0D315 /* PRPod1.app */,
				E30B847414ACED8B00F0D315 /* PRPod1Tests.octest */,
			);
			name = Products;
			sourceTree = "<group>";
		};
		E30B844B14ACED8B00F0D315 /* Frameworks */ = {
			isa = PBXGroup;
			children = (
				E30B84B614AD59D800F0D315 /* QuartzCore.framework */,
				E30B84AD14AD315700F0D315 /* MediaPlayer.framework */,
				E30B84AB14AD314E00F0D315 /* AVFoundation.framework */,
				E30B844C14ACED8B00F0D315 /* UIKit.framework */,
				E30B844E14ACED8B00F0D315 /* Foundation.framework */,
				E30B845014ACED8B00F0D315 /* CoreGraphics.framework */,
				E30B847514ACED8B00F0D315 /* SenTestingKit.framework */,
			);
			name = Frameworks;
			sourceTree = "<group>";
		};
		E30B845214ACED8B00F0D315 /* PRPod1 */ = {
			isa = PBXGroup;
			children = (
				E3BF4C9314C6104600733D3A /* sun_power.wav */,
				E3BF4C9114C6104600733D3A /* old_spice.wav */,
				E3BF4C8E14C6104600733D3A /* oldspice.mp3 */,
				E37E380E14BA930F008C7BC9 /* boxing.wav */,
				E37E380C14BA8AF4008C7BC9 /* cutler_champions.wav */,
				E37E380114B54C3B008C7BC9 /* TCP */,
				E3CF986714B14638009D77C4 /* Categories */,
				E3CF986314B145A8009D77C4 /* Models */,
				E30B84B214AD378C00F0D315 /* Cells */,
				E30B84A714AD309B00F0D315 /* Controllers */,
				E30B848C14ACED9E00F0D315 /* Assets */,
				E30B845B14ACED8B00F0D315 /* PRAppDelegate.h */,
				E30B845C14ACED8B00F0D315 /* PRAppDelegate.m */,
				E30B845E14ACED8B00F0D315 /* MainStoryboard.storyboard */,
				E30B846414ACED8B00F0D315 /* first.png */,
				E30B846614ACED8B00F0D315 /* first@2x.png */,
				E30B846814ACED8B00F0D315 /* PRSecondViewController.h */,
				E30B846914ACED8B00F0D315 /* PRSecondViewController.m */,
				E30B846B14ACED8B00F0D315 /* second.png */,
				E30B846D14ACED8B00F0D315 /* second@2x.png */,
				E30B845314ACED8B00F0D315 /* Supporting Files */,
			);
			path = PRPod1;
			sourceTree = "<group>";
		};
		E30B845314ACED8B00F0D315 /* Supporting Files */ = {
			isa = PBXGroup;
			children = (
				E30B845414ACED8B00F0D315 /* PRPod1-Info.plist */,
				E30B845514ACED8B00F0D315 /* InfoPlist.strings */,
				E30B845814ACED8B00F0D315 /* main.m */,
				E30B845A14ACED8B00F0D315 /* PRPod1-Prefix.pch */,
			);
			name = "Supporting Files";
			sourceTree = "<group>";
		};
		E30B847B14ACED8B00F0D315 /* PRPod1Tests */ = {
			isa = PBXGroup;
			children = (
				E30B848114ACED8B00F0D315 /* PRPod1Tests.h */,
				E30B848214ACED8B00F0D315 /* PRPod1Tests.m */,
				E30B847C14ACED8B00F0D315 /* Supporting Files */,
			);
			path = PRPod1Tests;
			sourceTree = "<group>";
		};
		E30B847C14ACED8B00F0D315 /* Supporting Files */ = {
			isa = PBXGroup;
			children = (
				E30B847D14ACED8B00F0D315 /* PRPod1Tests-Info.plist */,
				E30B847E14ACED8B00F0D315 /* InfoPlist.strings */,
			);
			name = "Supporting Files";
			sourceTree = "<group>";
		};
		E30B848C14ACED9E00F0D315 /* Assets */ = {
			isa = PBXGroup;
			children = (
				E313E33514B365D8008032DD /* hook_on.png */,
				E313E33614B365D8008032DD /* song_on.png */,
				E313E32914B3644B008032DD /* hook_off.png */,
				E313E32B14B3644B008032DD /* song_off.png */,
				E3CF987914B29D41009D77C4 /* t_red_4.png */,
				E3CF987714B29D1C009D77C4 /* T_RED_3.png */,
				E3CF987514B29C54009D77C4 /* red_btn_2.png */,
				E3CF987314B29AEB009D77C4 /* btn_red.png */,
				E3BB59D414AE5AA2003F8107 /* 194-note-2.png */,
				E3BB59D014AE5A29003F8107 /* 65-note.png */,
				E3BB59C814AE4F0F003F8107 /* 1_led_green.png */,
				E3BB59D614AE5AB6003F8107 /* 13-target.png */,
				E3BB59D814AE5AE9003F8107 /* 158-wrench-2.png */,
				E3BB59C914AE4F0F003F8107 /* 1_led_off.png */,
				E3BB59DA14AE5BE3003F8107 /* 61-brightness.png */,
				E3BB59CE14AE4F81003F8107 /* t_btn_red.png */,
				E3BB59CA14AE4F0F003F8107 /* 1_led_red.png */,
				E3BB59D214AE5A51003F8107 /* 89-dumbell.png */,
				E3BB59C314AE49DF003F8107 /* t_btn.png */,
				E34F259414AD76F000024E07 /* blk_left.png */,
				E3BB59C614AE4BCA003F8107 /* obtn.png */,
				E34F259514AD76F000024E07 /* blk_right.png */,
				E34F258F14AD715B00024E07 /* prbox.png */,
				E34F258D14AD6F2100024E07 /* pr_btn_elec_black.png */,
				E34F258714AD6D8A00024E07 /* Vector-Speaker-psd15015.png */,
				E34F258914AD6DDB00024E07 /* 1211544680.jpeg */,
				E34F258B14AD6EB700024E07 /* speaker2.png */,
				E34F258414AD6D1500024E07 /* red_btn_elec.png */,
				E30B84C814AD646000F0D315 /* pr_button.png */,
				E30B84C614AD641400F0D315 /* app_icon_114x114.png */,
				E30B84C414AD640D00F0D315 /* app_icon_57x57.png */,
				E30B84C014AD63AD00F0D315 /* app_icon_57x57.png */,
				E30B84C114AD63AD00F0D315 /* app_icon_114x114.png */,
				E30B84BC14AD5D6F00F0D315 /* s_left.png */,
				E30B84BD14AD5D6F00F0D315 /* s_right.png */,
				E30B849D14ACF1AE00F0D315 /* btn_30x30.png */,
				E30B849B14ACF18E00F0D315 /* btn_60_x60.png */,
				E30B848D14ACEDBB00F0D315 /* DS-DIGIB.TTF */,
				E30B848E14ACEDBB00F0D315 /* screen4.png */,
				E30B848F14ACEDBB00F0D315 /* arcade_button_large.png */,
				E30B849014ACEDBB00F0D315 /* diamond_plate.png */,
				E30B849114ACEDBB00F0D315 /* led_off_blue.png */,
				E30B849214ACEDBB00F0D315 /* led_on_blue.png */,
				E30B849314ACEDBB00F0D315 /* maple.jpeg */,
			);
			name = Assets;
			sourceTree = "<group>";
		};
		E30B84A714AD309B00F0D315 /* Controllers */ = {
			isa = PBXGroup;
			children = (
				E30B846114ACED8B00F0D315 /* PRPowerPodController.h */,
				E30B846214ACED8B00F0D315 /* PRPowerPodController.m */,
				E30B84A814AD30B900F0D315 /* PRPowerSongsController.h */,
				E30B84A914AD30B900F0D315 /* PRPowerSongsController.m */,
				E30B84AF14AD321E00F0D315 /* PRSongSearchController.h */,
				E30B84B014AD321E00F0D315 /* PRSongSearchController.m */,
				E34F259114AD720D00024E07 /* PRClassicBoxController.h */,
				E34F259214AD720D00024E07 /* PRClassicBoxController.m */,
				E3BB59E014AF9408003F8107 /* PRHookEditorController.h */,
				E3BB59E114AF9408003F8107 /* PRHookEditorController.m */,
				E3BB59E314AFA9CD003F8107 /* PRPowerHooksController.h */,
				E3BB59E414AFA9CE003F8107 /* PRPowerHooksController.m */,
				E3CF987B14B3314B009D77C4 /* PRSettingsController.h */,
				E3CF987C14B3314C009D77C4 /* PRSettingsController.m */,
			);
			name = Controllers;
			sourceTree = "<group>";
		};
		E30B84B214AD378C00F0D315 /* Cells */ = {
			isa = PBXGroup;
			children = (
				E30B84B314AD37E000F0D315 /* SongCell.h */,
				E30B84B414AD37E000F0D315 /* SongCell.m */,
				E3CF985C14B1373C009D77C4 /* PowersongCell.h */,
				E3CF985D14B1373C009D77C4 /* PowersongCell.m */,
				E3CF986014B1427A009D77C4 /* HookCell.h */,
				E3CF986114B1427B009D77C4 /* HookCell.m */,
			);
			name = Cells;
			sourceTree = "<group>";
		};
		E37E380114B54C3B008C7BC9 /* TCP */ = {
			isa = PBXGroup;
			children = (
				E37E380314B54C50008C7BC9 /* GCDAsyncSocket.h */,
				E37E380414B54C50008C7BC9 /* GCDAsyncSocket.m */,
			);
			name = TCP;
			sourceTree = "<group>";
		};
		E3CF986314B145A8009D77C4 /* Models */ = {
			isa = PBXGroup;
			children = (
			);
			name = Models;
			sourceTree = "<group>";
		};
		E3CF986714B14638009D77C4 /* Categories */ = {
			isa = PBXGroup;
			children = (
				E3CF987014B146F3009D77C4 /* NSDictionary+Song.h */,
				E3CF987114B146F3009D77C4 /* NSDictionary+Song.m */,
			);
			name = Categories;
			sourceTree = "<group>";
		};
/* End PBXGroup section */

/* Begin PBXNativeTarget section */
		E30B844714ACED8B00F0D315 /* PRPod1 */ = {
			isa = PBXNativeTarget;
			buildConfigurationList = E30B848614ACED8B00F0D315 /* Build configuration list for PBXNativeTarget "PRPod1" */;
			buildPhases = (
				E30B844414ACED8B00F0D315 /* Sources */,
				E30B844514ACED8B00F0D315 /* Frameworks */,
				E30B844614ACED8B00F0D315 /* Resources */,
			);
			buildRules = (
			);
			dependencies = (
			);
			name = PRPod1;
			productName = PRPod1;
			productReference = E30B844814ACED8B00F0D315 /* PRPod1.app */;
			productType = "com.apple.product-type.application";
		};
		E30B847314ACED8B00F0D315 /* PRPod1Tests */ = {
			isa = PBXNativeTarget;
			buildConfigurationList = E30B848914ACED8B00F0D315 /* Build configuration list for PBXNativeTarget "PRPod1Tests" */;
			buildPhases = (
				E30B846F14ACED8B00F0D315 /* Sources */,
				E30B847014ACED8B00F0D315 /* Frameworks */,
				E30B847114ACED8B00F0D315 /* Resources */,
				E30B847214ACED8B00F0D315 /* ShellScript */,
			);
			buildRules = (
			);
			dependencies = (
				E30B847A14ACED8B00F0D315 /* PBXTargetDependency */,
			);
			name = PRPod1Tests;
			productName = PRPod1Tests;
			productReference = E30B847414ACED8B00F0D315 /* PRPod1Tests.octest */;
			productType = "com.apple.product-type.bundle";
		};
/* End PBXNativeTarget section */

/* Begin PBXProject section */
		E30B843F14ACED8B00F0D315 /* Project object */ = {
			isa = PBXProject;
			attributes = {
				LastUpgradeCheck = 0420;
			};
			buildConfigurationList = E30B844214ACED8B00F0D315 /* Build configuration list for PBXProject "PRPod1" */;
			compatibilityVersion = "Xcode 3.2";
			developmentRegion = English;
			hasScannedForEncodings = 0;
			knownRegions = (
				en,
			);
			mainGroup = E30B843D14ACED8B00F0D315;
			productRefGroup = E30B844914ACED8B00F0D315 /* Products */;
			projectDirPath = "";
			projectRoot = "";
			targets = (
				E30B844714ACED8B00F0D315 /* PRPod1 */,
				E30B847314ACED8B00F0D315 /* PRPod1Tests */,
			);
		};
/* End PBXProject section */

/* Begin PBXResourcesBuildPhase section */
		E30B844614ACED8B00F0D315 /* Resources */ = {
			isa = PBXResourcesBuildPhase;
			buildActionMask = 2147483647;
			files = (
				E30B845714ACED8B00F0D315 /* InfoPlist.strings in Resources */,
				E30B846014ACED8B00F0D315 /* MainStoryboard.storyboard in Resources */,
				E30B846514ACED8B00F0D315 /* first.png in Resources */,
				E30B846714ACED8B00F0D315 /* first@2x.png in Resources */,
				E30B846C14ACED8B00F0D315 /* second.png in Resources */,
				E30B846E14ACED8B00F0D315 /* second@2x.png in Resources */,
				E30B849414ACEDBB00F0D315 /* DS-DIGIB.TTF in Resources */,
				E30B849514ACEDBB00F0D315 /* screen4.png in Resources */,
				E30B849614ACEDBB00F0D315 /* arcade_button_large.png in Resources */,
				E30B849714ACEDBB00F0D315 /* diamond_plate.png in Resources */,
				E30B849814ACEDBB00F0D315 /* led_off_blue.png in Resources */,
				E30B849914ACEDBB00F0D315 /* led_on_blue.png in Resources */,
				E30B849A14ACEDBB00F0D315 /* maple.jpeg in Resources */,
				E30B849C14ACF18E00F0D315 /* btn_60_x60.png in Resources */,
				E30B849E14ACF1AE00F0D315 /* btn_30x30.png in Resources */,
				E30B84BE14AD5D6F00F0D315 /* s_left.png in Resources */,
				E30B84BF14AD5D6F00F0D315 /* s_right.png in Resources */,
				E30B84C214AD63AD00F0D315 /* app_icon_57x57.png in Resources */,
				E30B84C314AD63AD00F0D315 /* app_icon_114x114.png in Resources */,
				E30B84C514AD640D00F0D315 /* app_icon_57x57.png in Resources */,
				E30B84C714AD641400F0D315 /* app_icon_114x114.png in Resources */,
				E30B84C914AD646000F0D315 /* pr_button.png in Resources */,
				E34F258514AD6D1500024E07 /* red_btn_elec.png in Resources */,
				E34F258814AD6D8A00024E07 /* Vector-Speaker-psd15015.png in Resources */,
				E34F258A14AD6DDB00024E07 /* 1211544680.jpeg in Resources */,
				E34F258C14AD6EB700024E07 /* speaker2.png in Resources */,
				E34F258E14AD6F2100024E07 /* pr_btn_elec_black.png in Resources */,
				E34F259014AD715B00024E07 /* prbox.png in Resources */,
				E34F259614AD76F000024E07 /* blk_left.png in Resources */,
				E34F259714AD76F000024E07 /* blk_right.png in Resources */,
				E3BB59C414AE49DF003F8107 /* t_btn.png in Resources */,
				E3BB59C714AE4BCA003F8107 /* obtn.png in Resources */,
				E3BB59CB14AE4F0F003F8107 /* 1_led_green.png in Resources */,
				E3BB59CC14AE4F0F003F8107 /* 1_led_off.png in Resources */,
				E3BB59CD14AE4F0F003F8107 /* 1_led_red.png in Resources */,
				E3BB59CF14AE4F81003F8107 /* t_btn_red.png in Resources */,
				E3BB59D114AE5A29003F8107 /* 65-note.png in Resources */,
				E3BB59D314AE5A51003F8107 /* 89-dumbell.png in Resources */,
				E3BB59D514AE5AA2003F8107 /* 194-note-2.png in Resources */,
				E3BB59D714AE5AB6003F8107 /* 13-target.png in Resources */,
				E3BB59D914AE5AE9003F8107 /* 158-wrench-2.png in Resources */,
				E3BB59DB14AE5BE3003F8107 /* 61-brightness.png in Resources */,
				E3CF987414B29AEB009D77C4 /* btn_red.png in Resources */,
				E3CF987614B29C54009D77C4 /* red_btn_2.png in Resources */,
				E3CF987814B29D1C009D77C4 /* T_RED_3.png in Resources */,
				E3CF987A14B29D42009D77C4 /* t_red_4.png in Resources */,
				E313E32D14B3644B008032DD /* hook_off.png in Resources */,
				E313E32F14B3644B008032DD /* song_off.png in Resources */,
				E313E33714B365D8008032DD /* hook_on.png in Resources */,
				E313E33814B365D8008032DD /* song_on.png in Resources */,
				E37E380D14BA8AF4008C7BC9 /* cutler_champions.wav in Resources */,
				E37E380F14BA930F008C7BC9 /* boxing.wav in Resources */,
				E3BF4C8F14C6104600733D3A /* oldspice.mp3 in Resources */,
				E3BF4C9214C6104600733D3A /* old_spice.wav in Resources */,
				E3BF4C9414C6104600733D3A /* sun_power.wav in Resources */,
			);
			runOnlyForDeploymentPostprocessing = 0;
		};
		E30B847114ACED8B00F0D315 /* Resources */ = {
			isa = PBXResourcesBuildPhase;
			buildActionMask = 2147483647;
			files = (
				E30B848014ACED8B00F0D315 /* InfoPlist.strings in Resources */,
			);
			runOnlyForDeploymentPostprocessing = 0;
		};
/* End PBXResourcesBuildPhase section */

/* Begin PBXShellScriptBuildPhase section */
		E30B847214ACED8B00F0D315 /* ShellScript */ = {
			isa = PBXShellScriptBuildPhase;
			buildActionMask = 2147483647;
			files = (
			);
			inputPaths = (
			);
			outputPaths = (
			);
			runOnlyForDeploymentPostprocessing = 0;
			shellPath = /bin/sh;
			shellScript = "# Run the unit tests in this test bundle.\n\"${SYSTEM_DEVELOPER_DIR}/Tools/RunUnitTests\"\n";
		};
/* End PBXShellScriptBuildPhase section */

/* Begin PBXSourcesBuildPhase section */
		E30B844414ACED8B00F0D315 /* Sources */ = {
			isa = PBXSourcesBuildPhase;
			buildActionMask = 2147483647;
			files = (
				E30B845914ACED8B00F0D315 /* main.m in Sources */,
				E30B845D14ACED8B00F0D315 /* PRAppDelegate.m in Sources */,
				E30B846314ACED8B00F0D315 /* PRPowerPodController.m in Sources */,
				E30B846A14ACED8B00F0D315 /* PRSecondViewController.m in Sources */,
				E30B84AA14AD30B900F0D315 /* PRPowerSongsController.m in Sources */,
				E30B84B114AD321E00F0D315 /* PRSongSearchController.m in Sources */,
				E30B84B514AD37E000F0D315 /* SongCell.m in Sources */,
				E34F259314AD720D00024E07 /* PRClassicBoxController.m in Sources */,
				E3BB59E214AF9408003F8107 /* PRHookEditorController.m in Sources */,
				E3BB59E514AFA9CE003F8107 /* PRPowerHooksController.m in Sources */,
				E3CF985E14B1373C009D77C4 /* PowersongCell.m in Sources */,
				E3CF986214B1427B009D77C4 /* HookCell.m in Sources */,
				E3CF987214B146F3009D77C4 /* NSDictionary+Song.m in Sources */,
				E3CF987D14B3314D009D77C4 /* PRSettingsController.m in Sources */,
				E37E380514B54C50008C7BC9 /* GCDAsyncSocket.m in Sources */,
			);
			runOnlyForDeploymentPostprocessing = 0;
		};
		E30B846F14ACED8B00F0D315 /* Sources */ = {
			isa = PBXSourcesBuildPhase;
			buildActionMask = 2147483647;
			files = (
				E30B848314ACED8B00F0D315 /* PRPod1Tests.m in Sources */,
			);
			runOnlyForDeploymentPostprocessing = 0;
		};
/* End PBXSourcesBuildPhase section */

/* Begin PBXTargetDependency section */
		E30B847A14ACED8B00F0D315 /* PBXTargetDependency */ = {
			isa = PBXTargetDependency;
			target = E30B844714ACED8B00F0D315 /* PRPod1 */;
			targetProxy = E30B847914ACED8B00F0D315 /* PBXContainerItemProxy */;
		};
/* End PBXTargetDependency section */

/* Begin PBXVariantGroup section */
		E30B845514ACED8B00F0D315 /* InfoPlist.strings */ = {
			isa = PBXVariantGroup;
			children = (
				E30B845614ACED8B00F0D315 /* en */,
			);
			name = InfoPlist.strings;
			sourceTree = "<group>";
		};
		E30B845E14ACED8B00F0D315 /* MainStoryboard.storyboard */ = {
			isa = PBXVariantGroup;
			children = (
				E30B845F14ACED8B00F0D315 /* en */,
			);
			name = MainStoryboard.storyboard;
			sourceTree = "<group>";
		};
		E30B847E14ACED8B00F0D315 /* InfoPlist.strings */ = {
			isa = PBXVariantGroup;
			children = (
				E30B847F14ACED8B00F0D315 /* en */,
			);
			name = InfoPlist.strings;
			sourceTree = "<group>";
		};
/* End PBXVariantGroup section */

/* Begin XCBuildConfiguration section */
		E30B848414ACED8B00F0D315 /* Debug */ = {
			isa = XCBuildConfiguration;
			buildSettings = {
				ALWAYS_SEARCH_USER_PATHS = NO;
				ARCHS = "$(ARCHS_STANDARD_32_BIT)";
				CLANG_ENABLE_OBJC_ARC = YES;
				"CODE_SIGN_IDENTITY[sdk=iphoneos*]" = "iPhone Developer";
				COPY_PHASE_STRIP = NO;
				GCC_C_LANGUAGE_STANDARD = gnu99;
				GCC_DYNAMIC_NO_PIC = NO;
				GCC_OPTIMIZATION_LEVEL = 0;
				GCC_PREPROCESSOR_DEFINITIONS = (
					"DEBUG=1",
					"$(inherited)",
				);
				GCC_SYMBOLS_PRIVATE_EXTERN = NO;
				GCC_VERSION = com.apple.compilers.llvm.clang.1_0;
				GCC_WARN_ABOUT_MISSING_PROTOTYPES = YES;
				GCC_WARN_ABOUT_RETURN_TYPE = YES;
				GCC_WARN_UNUSED_VARIABLE = YES;
				IPHONEOS_DEPLOYMENT_TARGET = 5.0;
				SDKROOT = iphoneos;
			};
			name = Debug;
		};
		E30B848514ACED8B00F0D315 /* Release */ = {
			isa = XCBuildConfiguration;
			buildSettings = {
				ALWAYS_SEARCH_USER_PATHS = NO;
				ARCHS = "$(ARCHS_STANDARD_32_BIT)";
				CLANG_ENABLE_OBJC_ARC = YES;
				"CODE_SIGN_IDENTITY[sdk=iphoneos*]" = "iPhone Developer";
				COPY_PHASE_STRIP = YES;
				GCC_C_LANGUAGE_STANDARD = gnu99;
				GCC_VERSION = com.apple.compilers.llvm.clang.1_0;
				GCC_WARN_ABOUT_MISSING_PROTOTYPES = YES;
				GCC_WARN_ABOUT_RETURN_TYPE = YES;
				GCC_WARN_UNUSED_VARIABLE = YES;
				IPHONEOS_DEPLOYMENT_TARGET = 5.0;
				OTHER_CFLAGS = "-DNS_BLOCK_ASSERTIONS=1";
				SDKROOT = iphoneos;
				VALIDATE_PRODUCT = YES;
			};
			name = Release;
		};
		E30B848714ACED8B00F0D315 /* Debug */ = {
			isa = XCBuildConfiguration;
			buildSettings = {
				GCC_PRECOMPILE_PREFIX_HEADER = YES;
				GCC_PREFIX_HEADER = "PRPod1/PRPod1-Prefix.pch";
				INFOPLIST_FILE = "PRPod1/PRPod1-Info.plist";
				PRODUCT_NAME = "$(TARGET_NAME)";
				WRAPPER_EXTENSION = app;
			};
			name = Debug;
		};
		E30B848814ACED8B00F0D315 /* Release */ = {
			isa = XCBuildConfiguration;
			buildSettings = {
				GCC_PRECOMPILE_PREFIX_HEADER = YES;
				GCC_PREFIX_HEADER = "PRPod1/PRPod1-Prefix.pch";
				INFOPLIST_FILE = "PRPod1/PRPod1-Info.plist";
				PRODUCT_NAME = "$(TARGET_NAME)";
				WRAPPER_EXTENSION = app;
			};
			name = Release;
		};
		E30B848A14ACED8B00F0D315 /* Debug */ = {
			isa = XCBuildConfiguration;
			buildSettings = {
				BUNDLE_LOADER = "$(BUILT_PRODUCTS_DIR)/PRPod1.app/PRPod1";
				FRAMEWORK_SEARCH_PATHS = (
					"$(SDKROOT)/Developer/Library/Frameworks",
					"$(DEVELOPER_LIBRARY_DIR)/Frameworks",
				);
				GCC_PRECOMPILE_PREFIX_HEADER = YES;
				GCC_PREFIX_HEADER = "PRPod1/PRPod1-Prefix.pch";
				INFOPLIST_FILE = "PRPod1Tests/PRPod1Tests-Info.plist";
				PRODUCT_NAME = "$(TARGET_NAME)";
				TEST_HOST = "$(BUNDLE_LOADER)";
				WRAPPER_EXTENSION = octest;
			};
			name = Debug;
		};
		E30B848B14ACED8B00F0D315 /* Release */ = {
			isa = XCBuildConfiguration;
			buildSettings = {
				BUNDLE_LOADER = "$(BUILT_PRODUCTS_DIR)/PRPod1.app/PRPod1";
				FRAMEWORK_SEARCH_PATHS = (
					"$(SDKROOT)/Developer/Library/Frameworks",
					"$(DEVELOPER_LIBRARY_DIR)/Frameworks",
				);
				GCC_PRECOMPILE_PREFIX_HEADER = YES;
				GCC_PREFIX_HEADER = "PRPod1/PRPod1-Prefix.pch";
				INFOPLIST_FILE = "PRPod1Tests/PRPod1Tests-Info.plist";
				PRODUCT_NAME = "$(TARGET_NAME)";
				TEST_HOST = "$(BUNDLE_LOADER)";
				WRAPPER_EXTENSION = octest;
			};
			name = Release;
		};
/* End XCBuildConfiguration section */

/* Begin XCConfigurationList section */
		E30B844214ACED8B00F0D315 /* Build configuration list for PBXProject "PRPod1" */ = {
			isa = XCConfigurationList;
			buildConfigurations = (
				E30B848414ACED8B00F0D315 /* Debug */,
				E30B848514ACED8B00F0D315 /* Release */,
			);
			defaultConfigurationIsVisible = 0;
			defaultConfigurationName = Release;
		};
		E30B848614ACED8B00F0D315 /* Build configuration list for PBXNativeTarget "PRPod1" */ = {
			isa = XCConfigurationList;
			buildConfigurations = (
				E30B848714ACED8B00F0D315 /* Debug */,
				E30B848814ACED8B00F0D315 /* Release */,
			);
			defaultConfigurationIsVisible = 0;
			defaultConfigurationName = Release;
		};
		E30B848914ACED8B00F0D315 /* Build configuration list for PBXNativeTarget "PRPod1Tests" */ = {
			isa = XCConfigurationList;
			buildConfigurations = (
				E30B848A14ACED8B00F0D315 /* Debug */,
				E30B848B14ACED8B00F0D315 /* Release */,
			);
			defaultConfigurationIsVisible = 0;
			defaultConfigurationName = Release;
		};
/* End XCConfigurationList section */
	};
	rootObject = E30B843F14ACED8B00F0D315 /* Project object */;
}
